lockfileVersion: 5.3

importers:

  .:
    specifiers:
      prettier: ^2.5.0
    devDependencies:
      prettier: 2.5.0

  base:
    specifiers: {}

  jsx:
    specifiers: {}

  jsx-stylish:
    specifiers: {}

  modern:
    specifiers: {}

  modules:
    specifiers: {}

  node:
    specifiers: {}

  prettier:
    specifiers: {}

  react:
    specifiers: {}

  stylish:
    specifiers: {}

  typescript:
    specifiers: {}

  typescript-strict:
    specifiers: {}

  typescript-stylish:
    specifiers: {}

packages:

  /prettier/2.5.0:
    resolution: {integrity: sha512-FM/zAKgWTxj40rH03VxzIPdXmj39SwSjwG0heUcNFwI+EMZJnY93yAiKXM3dObIKAM5TA88werc8T/EwhB45eg==}
    engines: {node: '>=10.13.0'}
    hasBin: true
    dev: true
